
Microsoft Visual Studio Solution File, Format Version 12.00
# Visual Studio Version 17
VisualStudioVersion = 17.2.32526.322
MinimumVisualStudioVersion = 10.0.40219.1
Project("{FAE04EC0-301F-11D3-BF4B-00C04F79EFBC}") = "JWTInspector", "JWTInspector\JWTInspector.csproj", "{628DF4B2-8B8F-42A2-90E7-9C401D289C55}"
EndProject
Global
	GlobalSection(SolutionConfigurationPlatforms) = preSolution
		Debug|Any CPU = Debug|Any CPU
		Release|Any CPU = Release|Any CPU
	EndGlobalSection
	GlobalSection(ProjectConfigurationPlatforms) = postSolution
		{628DF4B2-8B8F-42A2-90E7-9C401D289C55}.Debug|Any CPU.ActiveCfg = Debug|Any CPU
		{628DF4B2-8B8F-42A2-90E7-9C401D289C55}.Debug|Any CPU.Build.0 = Debug|Any CPU
		{628DF4B2-8B8F-42A2-90E7-9C401D289C55}.Release|Any CPU.ActiveCfg = Release|Any CPU
		{628DF4B2-8B8F-42A2-90E7-9C401D289C55}.Release|Any CPU.Build.0 = Release|Any CPU
	EndGlobalSection
	GlobalSection(SolutionProperties) = preSolution
		HideSolutionNode = FALSE
	EndGlobalSection
	GlobalSection(ExtensibilityGlobals) = postSolution
		SolutionGuid = {51B34691-61FC-44E0-B03D-397E5A46FEE6}
	EndGlobalSection
EndGlobal
